# THIS IS AN AUTOGENERATED FILE. DO NOT EDIT THIS FILE DIRECTLY.
# yarn lockfile v1


"@unocss/reset@^0.58.2":
  version "0.58.2"
  resolved "https://registry.npmjs.org/@unocss/reset/-/reset-0.58.2.tgz"
  integrity sha512-ZzskZzrs7fPoKWrSpF1vehIr8TI7u4eS+MSurE0qUXatg0/nsXAZvaFYu0obu1kWrmnHyzA7G+m6LMX1h1tT7Q==
